// !$*UTF8*$!
{
	archiveVersion = 1;
	classes = {
	};
	objectVersion = 50;
	objects = {

/* Begin PBXBuildFile section */
		D10AC83020F1710F00B70F14 /* AppDelegate.swift in Sources */ = {isa = PBXBuildFile; fileRef = D10AC82F20F1710F00B70F14 /* AppDelegate.swift */; };
		D10AC83220F1710F00B70F14 /* ViewController.swift in Sources */ = {isa = PBXBuildFile; fileRef = D10AC83120F1710F00B70F14 /* ViewController.swift */; };
		D10AC83520F1710F00B70F14 /* Main.storyboard in Resources */ = {isa = PBXBuildFile; fileRef = D10AC83320F1710F00B70F14 /* Main.storyboard */; };
		D10AC83720F1710F00B70F14 /* Assets.xcassets in Resources */ = {isa = PBXBuildFile; fileRef = D10AC83620F1710F00B70F14 /* Assets.xcassets */; };
		D10AC83A20F1710F00B70F14 /* LaunchScreen.storyboard in Resources */ = {isa = PBXBuildFile; fileRef = D10AC83820F1710F00B70F14 /* LaunchScreen.storyboard */; };
		D10AC84520F1710F00B70F14 /* TextFieldChallengeAppTests.swift in Sources */ = {isa = PBXBuildFile; fileRef = D10AC84420F1710F00B70F14 /* TextFieldChallengeAppTests.swift */; };
		D10AC85020F1713000B70F14 /* CashTextFieldDelegate.swift in Sources */ = {isa = PBXBuildFile; fileRef = D10AC84F20F1713000B70F14 /* CashTextFieldDelegate.swift */; };
		D10AC85220F1716200B70F14 /* ZipCodeTextFieldDelegate.swift in Sources */ = {isa = PBXBuildFile; fileRef = D10AC85120F1716200B70F14 /* ZipCodeTextFieldDelegate.swift */; };
		D10AC85420F1719000B70F14 /* RandomColorTextFielddDelegate.swift in Sources */ = {isa = PBXBuildFile; fileRef = D10AC85320F1719000B70F14 /* RandomColorTextFielddDelegate.swift */; };
/* End PBXBuildFile section */

/* Begin PBXContainerItemProxy section */
		D10AC84120F1710F00B70F14 /* PBXContainerItemProxy */ = {
			isa = PBXContainerItemProxy;
			containerPortal = D10AC82420F1710F00B70F14 /* Project object */;
			proxyType = 1;
			remoteGlobalIDString = D10AC82B20F1710F00B70F14;
			remoteInfo = TextFieldChallengeApp;
		};
/* End PBXContainerItemProxy section */

/* Begin PBXFileReference section */
		D10AC82C20F1710F00B70F14 /* TextFieldChallengeApp.app */ = {isa = PBXFileReference; explicitFileType = wrapper.application; includeInIndex = 0; path = TextFieldChallengeApp.app; sourceTree = BUILT_PRODUCTS_DIR; };
		D10AC82F20F1710F00B70F14 /* AppDelegate.swift */ = {isa = PBXFileReference; lastKnownFileType = sourcecode.swift; path = AppDelegate.swift; sourceTree = "<group>"; };
		D10AC83120F1710F00B70F14 /* ViewController.swift */ = {isa = PBXFileReference; lastKnownFileType = sourcecode.swift; path = ViewController.swift; sourceTree = "<group>"; };
		D10AC83420F1710F00B70F14 /* Base */ = {isa = PBXFileReference; lastKnownFileType = file.storyboard; name = Base; path = Base.lproj/Main.storyboard; sourceTree = "<group>"; };
		D10AC83620F1710F00B70F14 /* Assets.xcassets */ = {isa = PBXFileReference; lastKnownFileType = folder.assetcatalog; path = Assets.xcassets; sourceTree = "<group>"; };
		D10AC83920F1710F00B70F14 /* Base */ = {isa = PBXFileReference; lastKnownFileType = file.storyboard; name = Base; path = Base.lproj/LaunchScreen.storyboard; sourceTree = "<group>"; };
		D10AC83B20F1710F00B70F14 /* Info.plist */ = {isa = PBXFileReference; lastKnownFileType = text.plist.xml; path = Info.plist; sourceTree = "<group>"; };
		D10AC84020F1710F00B70F14 /* TextFieldChallengeAppTests.xctest */ = {isa = PBXFileReference; explicitFileType = wrapper.cfbundle; includeInIndex = 0; path = TextFieldChallengeAppTests.xctest; sourceTree = BUILT_PRODUCTS_DIR; };
		D10AC84420F1710F00B70F14 /* TextFieldChallengeAppTests.swift */ = {isa = PBXFileReference; lastKnownFileType = sourcecode.swift; path = TextFieldChallengeAppTests.swift; sourceTree = "<group>"; };
		D10AC84620F1710F00B70F14 /* Info.plist */ = {isa = PBXFileReference; lastKnownFileType = text.plist.xml; path = Info.plist; sourceTree = "<group>"; };
		D10AC84F20F1713000B70F14 /* CashTextFieldDelegate.swift */ = {isa = PBXFileReference; lastKnownFileType = sourcecode.swift; path = CashTextFieldDelegate.swift; sourceTree = "<group>"; };
		D10AC85120F1716200B70F14 /* ZipCodeTextFieldDelegate.swift */ = {isa = PBXFileReference; lastKnownFileType = sourcecode.swift; path = ZipCodeTextFieldDelegate.swift; sourceTree = "<group>"; };
		D10AC85320F1719000B70F14 /* RandomColorTextFielddDelegate.swift */ = {isa = PBXFileReference; lastKnownFileType = sourcecode.swift; path = RandomColorTextFielddDelegate.swift; sourceTree = "<group>"; };
/* End PBXFileReference section */

/* Begin PBXFrameworksBuildPhase section */
		D10AC82920F1710F00B70F14 /* Frameworks */ = {
			isa = PBXFrameworksBuildPhase;
			buildActionMask = 2147483647;
			files = (
			);
			runOnlyForDeploymentPostprocessing = 0;
		};
		D10AC83D20F1710F00B70F14 /* Frameworks */ = {
			isa = PBXFrameworksBuildPhase;
			buildActionMask = 2147483647;
			files = (
			);
			runOnlyForDeploymentPostprocessing = 0;
		};
/* End PBXFrameworksBuildPhase section */

/* Begin PBXGroup section */
		D10AC82320F1710F00B70F14 = {
			isa = PBXGroup;
			children = (
				D10AC82E20F1710F00B70F14 /* TextFieldChallengeApp */,
				D10AC84320F1710F00B70F14 /* TextFieldChallengeAppTests */,
				D10AC82D20F1710F00B70F14 /* Products */,
			);
			sourceTree = "<group>";
		};
		D10AC82D20F1710F00B70F14 /* Products */ = {
			isa = PBXGroup;
			children = (
				D10AC82C20F1710F00B70F14 /* TextFieldChallengeApp.app */,
				D10AC84020F1710F00B70F14 /* TextFieldChallengeAppTests.xctest */,
			);
			name = Products;
			sourceTree = "<group>";
		};
		D10AC82E20F1710F00B70F14 /* TextFieldChallengeApp */ = {
			isa = PBXGroup;
			children = (
				D10AC82F20F1710F00B70F14 /* AppDelegate.swift */,
				D10AC83120F1710F00B70F14 /* ViewController.swift */,
				D10AC84F20F1713000B70F14 /* CashTextFieldDelegate.swift */,
				D10AC85120F1716200B70F14 /* ZipCodeTextFieldDelegate.swift */,
				D10AC85320F1719000B70F14 /* RandomColorTextFielddDelegate.swift */,
				D10AC83320F1710F00B70F14 /* Main.storyboard */,
				D10AC83620F1710F00B70F14 /* Assets.xcassets */,
				D10AC83820F1710F00B70F14 /* LaunchScreen.storyboard */,
				D10AC83B20F1710F00B70F14 /* Info.plist */,
			);
			path = TextFieldChallengeApp;
			sourceTree = "<group>";
		};
		D10AC84320F1710F00B70F14 /* TextFieldChallengeAppTests */ = {
			isa = PBXGroup;
			children = (
				D10AC84420F1710F00B70F14 /* TextFieldChallengeAppTests.swift */,
				D10AC84620F1710F00B70F14 /* Info.plist */,
			);
			path = TextFieldChallengeAppTests;
			sourceTree = "<group>";
		};
/* End PBXGroup section */

/* Begin PBXNativeTarget section */
		D10AC82B20F1710F00B70F14 /* TextFieldChallengeApp */ = {
			isa = PBXNativeTarget;
			buildConfigurationList = D10AC84920F1710F00B70F14 /* Build configuration list for PBXNativeTarget "TextFieldChallengeApp" */;
			buildPhases = (
				D10AC82820F1710F00B70F14 /* Sources */,
				D10AC82920F1710F00B70F14 /* Frameworks */,
				D10AC82A20F1710F00B70F14 /* Resources */,
			);
			buildRules = (
			);
			dependencies = (
			);
			name = TextFieldChallengeApp;
			productName = TextFieldChallengeApp;
			productReference = D10AC82C20F1710F00B70F14 /* TextFieldChallengeApp.app */;
			productType = "com.apple.product-type.application";
		};
		D10AC83F20F1710F00B70F14 /* TextFieldChallengeAppTests */ = {
			isa = PBXNativeTarget;
			buildConfigurationList = D10AC84C20F1710F00B70F14 /* Build configuration list for PBXNativeTarget "TextFieldChallengeAppTests" */;
			buildPhases = (
				D10AC83C20F1710F00B70F14 /* Sources */,
				D10AC83D20F1710F00B70F14 /* Frameworks */,
				D10AC83E20F1710F00B70F14 /* Resources */,
			);
			buildRules = (
			);
			dependencies = (
				D10AC84220F1710F00B70F14 /* PBXTargetDependency */,
			);
			name = TextFieldChallengeAppTests;
			productName = TextFieldChallengeAppTests;
			productReference = D10AC84020F1710F00B70F14 /* TextFieldChallengeAppTests.xctest */;
			productType = "com.apple.product-type.bundle.unit-test";
		};
/* End PBXNativeTarget section */

/* Begin PBXProject section */
		D10AC82420F1710F00B70F14 /* Project object */ = {
			isa = PBXProject;
			attributes = {
				LastSwiftUpdateCheck = 0940;
				LastUpgradeCheck = 0940;
				ORGANIZATIONNAME = "Manali Rami";
				TargetAttributes = {
					D10AC82B20F1710F00B70F14 = {
						CreatedOnToolsVersion = 9.4.1;
					};
					D10AC83F20F1710F00B70F14 = {
						CreatedOnToolsVersion = 9.4.1;
						TestTargetID = D10AC82B20F1710F00B70F14;
					};
				};
			};
			buildConfigurationList = D10AC82720F1710F00B70F14 /* Build configuration list for PBXProject "TextFieldChallengeApp" */;
			compatibilityVersion = "Xcode 9.3";
			developmentRegion = en;
			hasScannedForEncodings = 0;
			knownRegions = (
				en,
				Base,
			);
			mainGroup = D10AC82320F1710F00B70F14;
			productRefGroup = D10AC82D20F1710F00B70F14 /* Products */;
			projectDirPath = "";
			projectRoot = "";
			targets = (
				D10AC82B20F1710F00B70F14 /* TextFieldChallengeApp */,
				D10AC83F20F1710F00B70F14 /* TextFieldChallengeAppTests */,
			);
		};
/* End PBXProject section */

/* Begin PBXResourcesBuildPhase section */
		D10AC82A20F1710F00B70F14 /* Resources */ = {
			isa = PBXResourcesBuildPhase;
			buildActionMask = 2147483647;
			files = (
				D10AC83A20F1710F00B70F14 /* LaunchScreen.storyboard in Resources */,
				D10AC83720F1710F00B70F14 /* Assets.xcassets in Resources */,
				D10AC83520F1710F00B70F14 /* Main.storyboard in Resources */,
			);
			runOnlyForDeploymentPostprocessing = 0;
		};
		D10AC83E20F1710F00B70F14 /* Resources */ = {
			isa = PBXResourcesBuildPhase;
			buildActionMask = 2147483647;
			files = (
			);
			runOnlyForDeploymentPostprocessing = 0;
		};
/* End PBXResourcesBuildPhase section */

/* Begin PBXSourcesBuildPhase section */
		D10AC82820F1710F00B70F14 /* Sources */ = {
			isa = PBXSourcesBuildPhase;
			buildActionMask = 2147483647;
			files = (
				D10AC83220F1710F00B70F14 /* ViewController.swift in Sources */,
				D10AC85020F1713000B70F14 /* CashTextFieldDelegate.swift in Sources */,
				D10AC83020F1710F00B70F14 /* AppDelegate.swift in Sources */,
				D10AC85420F1719000B70F14 /* RandomColorTextFielddDelegate.swift in Sources */,
				D10AC85220F1716200B70F14 /* ZipCodeTextFieldDelegate.swift in Sources */,
			);
			runOnlyForDeploymentPostprocessing = 0;
		};
		D10AC83C20F1710F00B70F14 /* Sources */ = {
			isa = PBXSourcesBuildPhase;
			buildActionMask = 2147483647;
			files = (
				D10AC84520F1710F00B70F14 /* TextFieldChallengeAppTests.swift in Sources */,
			);
			runOnlyForDeploymentPostprocessing = 0;
		};
/* End PBXSourcesBuildPhase section */

/* Begin PBXTargetDependency section */
		D10AC84220F1710F00B70F14 /* PBXTargetDependency */ = {
			isa = PBXTargetDependency;
			target = D10AC82B20F1710F00B70F14 /* TextFieldChallengeApp */;
			targetProxy = D10AC84120F1710F00B70F14 /* PBXContainerItemProxy */;
		};
/* End PBXTargetDependency section */

/* Begin PBXVariantGroup section */
		D10AC83320F1710F00B70F14 /* Main.storyboard */ = {
			isa = PBXVariantGroup;
			children = (
				D10AC83420F1710F00B70F14 /* Base */,
			);
			name = Main.storyboard;
			sourceTree = "<group>";
		};
		D10AC83820F1710F00B70F14 /* LaunchScreen.storyboard */ = {
			isa = PBXVariantGroup;
			children = (
				D10AC83920F1710F00B70F14 /* Base */,
			);
			name = LaunchScreen.storyboard;
			sourceTree = "<group>";
		};
/* End PBXVariantGroup section */

/* Begin XCBuildConfiguration section */
		D10AC84720F1710F00B70F14 /* Debug */ = {
			isa = XCBuildConfiguration;
			buildSettings = {
				ALWAYS_SEARCH_USER_PATHS = NO;
				CLANG_ANALYZER_NONNULL = YES;
				CLANG_ANALYZER_NUMBER_OBJECT_CONVERSION = YES_AGGRESSIVE;
				CLANG_CXX_LANGUAGE_STANDARD = "gnu++14";
				CLANG_CXX_LIBRARY = "libc++";
				CLANG_ENABLE_MODULES = YES;
				CLANG_ENABLE_OBJC_ARC = YES;
				CLANG_ENABLE_OBJC_WEAK = YES;
				CLANG_WARN_BLOCK_CAPTURE_AUTORELEASING = YES;
				CLANG_WARN_BOOL_CONVERSION = YES;
				CLANG_WARN_COMMA = YES;
				CLANG_WARN_CONSTANT_CONVERSION = YES;
				CLANG_WARN_DEPRECATED_OBJC_IMPLEMENTATIONS = YES;
				CLANG_WARN_DIRECT_OBJC_ISA_USAGE = YES_ERROR;
				CLANG_WARN_DOCUMENTATION_COMMENTS = YES;
				CLANG_WARN_EMPTY_BODY = YES;
				CLANG_WARN_ENUM_CONVERSION = YES;
				CLANG_WARN_INFINITE_RECURSION = YES;
				CLANG_WARN_INT_CONVERSION = YES;
				CLANG_WARN_NON_LITERAL_NULL_CONVERSION = YES;
				CLANG_WARN_OBJC_IMPLICIT_RETAIN_SELF = YES;
				CLANG_WARN_OBJC_LITERAL_CONVERSION = YES;
				CLANG_WARN_OBJC_ROOT_CLASS = YES_ERROR;
				CLANG_WARN_RANGE_LOOP_ANALYSIS = YES;
				CLANG_WARN_STRICT_PROTOTYPES = YES;
				CLANG_WARN_SUSPICIOUS_MOVE = YES;
				CLANG_WARN_UNGUARDED_AVAILABILITY = YES_AGGRESSIVE;
				CLANG_WARN_UNREACHABLE_CODE = YES;
				CLANG_WARN__DUPLICATE_METHOD_MATCH = YES;
				CODE_SIGN_IDENTITY = "iPhone Developer";
				COPY_PHASE_STRIP = NO;
				DEBUG_INFORMATION_FORMAT = dwarf;
				ENABLE_STRICT_OBJC_MSGSEND = YES;
				ENABLE_TESTABILITY = YES;
				GCC_C_LANGUAGE_STANDARD = gnu11;
				GCC_DYNAMIC_NO_PIC = NO;
				GCC_NO_COMMON_BLOCKS = YES;
				GCC_OPTIMIZATION_LEVEL = 0;
				GCC_PREPROCESSOR_DEFINITIONS = (
					"DEBUG=1",
					"$(inherited)",
				);
				GCC_WARN_64_TO_32_BIT_CONVERSION = YES;
				GCC_WARN_ABOUT_RETURN_TYPE = YES_ERROR;
				GCC_WARN_UNDECLARED_SELECTOR = YES;
				GCC_WARN_UNINITIALIZED_AUTOS = YES_AGGRESSIVE;
				GCC_WARN_UNUSED_FUNCTION = YES;
				GCC_WARN_UNUSED_VARIABLE = YES;
				IPHONEOS_DEPLOYMENT_TARGET = 11.4;
				MTL_ENABLE_DEBUG_INFO = YES;
				ONLY_ACTIVE_ARCH = YES;
				SDKROOT = iphoneos;
				SWIFT_ACTIVE_COMPILATION_CONDITIONS = DEBUG;
				SWIFT_OPTIMIZATION_LEVEL = "-Onone";
			};
			name = Debug;
		};
		D10AC84820F1710F00B70F14 /* Release */ = {
			isa = XCBuildConfiguration;
			buildSettings = {
				ALWAYS_SEARCH_USER_PATHS = NO;
				CLANG_ANALYZER_NONNULL = YES;
				CLANG_ANALYZER_NUMBER_OBJECT_CONVERSION = YES_AGGRESSIVE;
				CLANG_CXX_LANGUAGE_STANDARD = "gnu++14";
				CLANG_CXX_LIBRARY = "libc++";
				CLANG_ENABLE_MODULES = YES;
				CLANG_ENABLE_OBJC_ARC = YES;
				CLANG_ENABLE_OBJC_WEAK = YES;
				CLANG_WARN_BLOCK_CAPTURE_AUTORELEASING = YES;
				CLANG_WARN_BOOL_CONVERSION = YES;
				CLANG_WARN_COMMA = YES;
				CLANG_WARN_CONSTANT_CONVERSION = YES;
				CLANG_WARN_DEPRECATED_OBJC_IMPLEMENTATIONS = YES;
				CLANG_WARN_DIRECT_OBJC_ISA_USAGE = YES_ERROR;
				CLANG_WARN_DOCUMENTATION_COMMENTS = YES;
				CLANG_WARN_EMPTY_BODY = YES;
				CLANG_WARN_ENUM_CONVERSION = YES;
				CLANG_WARN_INFINITE_RECURSION = YES;
				CLANG_WARN_INT_CONVERSION = YES;
				CLANG_WARN_NON_LITERAL_NULL_CONVERSION = YES;
				CLANG_WARN_OBJC_IMPLICIT_RETAIN_SELF = YES;
				CLANG_WARN_OBJC_LITERAL_CONVERSION = YES;
				CLANG_WARN_OBJC_ROOT_CLASS = YES_ERROR;
				CLANG_WARN_RANGE_LOOP_ANALYSIS = YES;
				CLANG_WARN_STRICT_PROTOTYPES = YES;
				CLANG_WARN_SUSPICIOUS_MOVE = YES;
				CLANG_WARN_UNGUARDED_AVAILABILITY = YES_AGGRESSIVE;
				CLANG_WARN_UNREACHABLE_CODE = YES;
				CLANG_WARN__DUPLICATE_METHOD_MATCH = YES;
				CODE_SIGN_IDENTITY = "iPhone Developer";
				COPY_PHASE_STRIP = NO;
				DEBUG_INFORMATION_FORMAT = "dwarf-with-dsym";
				ENABLE_NS_ASSERTIONS = NO;
				ENABLE_STRICT_OBJC_MSGSEND = YES;
				GCC_C_LANGUAGE_STANDARD = gnu11;
				GCC_NO_COMMON_BLOCKS = YES;
				GCC_WARN_64_TO_32_BIT_CONVERSION = YES;
				GCC_WARN_ABOUT_RETURN_TYPE = YES_ERROR;
				GCC_WARN_UNDECLARED_SELECTOR = YES;
				GCC_WARN_UNINITIALIZED_AUTOS = YES_AGGRESSIVE;
				GCC_WARN_UNUSED_FUNCTION = YES;
				GCC_WARN_UNUSED_VARIABLE = YES;
				IPHONEOS_DEPLOYMENT_TARGET = 11.4;
				MTL_ENABLE_DEBUG_INFO = NO;
				SDKROOT = iphoneos;
				SWIFT_COMPILATION_MODE = wholemodule;
				SWIFT_OPTIMIZATION_LEVEL = "-O";
				VALIDATE_PRODUCT = YES;
			};
			name = Release;
		};
		D10AC84A20F1710F00B70F14 /* Debug */ = {
			isa = XCBuildConfiguration;
			buildSettings = {
				ASSETCATALOG_COMPILER_APPICON_NAME = AppIcon;
				CODE_SIGN_STYLE = Automatic;
				DEVELOPMENT_TEAM = QG3P4F8565;
				INFOPLIST_FILE = TextFieldChallengeApp/Info.plist;
				LD_RUNPATH_SEARCH_PATHS = (
					"$(inherited)",
					"@executable_path/Frameworks",
				);
				PRODUCT_BUNDLE_IDENTIFIER = Manali.com.TextFieldChallengeApp;
				PRODUCT_NAME = "$(TARGET_NAME)";
				SWIFT_VERSION = 4.0;
				TARGETED_DEVICE_FAMILY = "1,2";
			};
			name = Debug;
		};
		D10AC84B20F1710F00B70F14 /* Release */ = {
			isa = XCBuildConfiguration;
			buildSettings = {
				ASSETCATALOG_COMPILER_APPICON_NAME = AppIcon;
				CODE_SIGN_STYLE = Automatic;
				DEVELOPMENT_TEAM = QG3P4F8565;
				INFOPLIST_FILE = TextFieldChallengeApp/Info.plist;
				LD_RUNPATH_SEARCH_PATHS = (
					"$(inherited)",
					"@executable_path/Frameworks",
				);
				PRODUCT_BUNDLE_IDENTIFIER = Manali.com.TextFieldChallengeApp;
				PRODUCT_NAME = "$(TARGET_NAME)";
				SWIFT_VERSION = 4.0;
				TARGETED_DEVICE_FAMILY = "1,2";
			};
			name = Release;
		};
		D10AC84D20F1710F00B70F14 /* Debug */ = {
			isa = XCBuildConfiguration;
			buildSettings = {
				ALWAYS_EMBED_SWIFT_STANDARD_LIBRARIES = YES;
				BUNDLE_LOADER = "$(TEST_HOST)";
				CODE_SIGN_STYLE = Automatic;
				DEVELOPMENT_TEAM = QG3P4F8565;
				INFOPLIST_FILE = TextFieldChallengeAppTests/Info.plist;
				LD_RUNPATH_SEARCH_PATHS = (
					"$(inherited)",
					"@executable_path/Frameworks",
					"@loader_path/Frameworks",
				);
				PRODUCT_BUNDLE_IDENTIFIER = Manali.com.TextFieldChallengeAppTests;
				PRODUCT_NAME = "$(TARGET_NAME)";
				SWIFT_VERSION = 4.0;
				TARGETED_DEVICE_FAMILY = "1,2";
				TEST_HOST = "$(BUILT_PRODUCTS_DIR)/TextFieldChallengeApp.app/TextFieldChallengeApp";
			};
			name = Debug;
		};
		D10AC84E20F1710F00B70F14 /* Release */ = {
			isa = XCBuildConfiguration;
			buildSettings = {
				ALWAYS_EMBED_SWIFT_STANDARD_LIBRARIES = YES;
				BUNDLE_LOADER = "$(TEST_HOST)";
				CODE_SIGN_STYLE = Automatic;
				DEVELOPMENT_TEAM = QG3P4F8565;
				INFOPLIST_FILE = TextFieldChallengeAppTests/Info.plist;
				LD_RUNPATH_SEARCH_PATHS = (
					"$(inherited)",
					"@executable_path/Frameworks",
					"@loader_path/Frameworks",
				);
				PRODUCT_BUNDLE_IDENTIFIER = Manali.com.TextFieldChallengeAppTests;
				PRODUCT_NAME = "$(TARGET_NAME)";
				SWIFT_VERSION = 4.0;
				TARGETED_DEVICE_FAMILY = "1,2";
				TEST_HOST = "$(BUILT_PRODUCTS_DIR)/TextFieldChallengeApp.app/TextFieldChallengeApp";
			};
			name = Release;
		};
/* End XCBuildConfiguration section */

/* Begin XCConfigurationList section */
		D10AC82720F1710F00B70F14 /* Build configuration list for PBXProject "TextFieldChallengeApp" */ = {
			isa = XCConfigurationList;
			buildConfigurations = (
				D10AC84720F1710F00B70F14 /* Debug */,
				D10AC84820F1710F00B70F14 /* Release */,
			);
			defaultConfigurationIsVisible = 0;
			defaultConfigurationName = Release;
		};
		D10AC84920F1710F00B70F14 /* Build configuration list for PBXNativeTarget "TextFieldChallengeApp" */ = {
			isa = XCConfigurationList;
			buildConfigurations = (
				D10AC84A20F1710F00B70F14 /* Debug */,
				D10AC84B20F1710F00B70F14 /* Release */,
			);
			defaultConfigurationIsVisible = 0;
			defaultConfigurationName = Release;
		};
		D10AC84C20F1710F00B70F14 /* Build configuration list for PBXNativeTarget "TextFieldChallengeAppTests" */ = {
			isa = XCConfigurationList;
			buildConfigurations = (
				D10AC84D20F1710F00B70F14 /* Debug */,
				D10AC84E20F1710F00B70F14 /* Release */,
			);
			defaultConfigurationIsVisible = 0;
			defaultConfigurationName = Release;
		};
/* End XCConfigurationList section */
	};
	rootObject = D10AC82420F1710F00B70F14 /* Project object */;
}
